// !$*UTF8*$!
{
	archiveVersion = 1;
	classes = {
	};
	objectVersion = 50;
	objects = {

/* Begin PBXBuildFile section */
		94AA6E9F265557E40047A92A /* AppDelegate.swift in Sources */ = {isa = PBXBuildFile; fileRef = 94AA6E9E265557E40047A92A /* AppDelegate.swift */; };
		94AA6EA1265557E40047A92A /* SceneDelegate.swift in Sources */ = {isa = PBXBuildFile; fileRef = 94AA6EA0265557E40047A92A /* SceneDelegate.swift */; };
		94AA6EA3265557E40047A92A /* ViewController.swift in Sources */ = {isa = PBXBuildFile; fileRef = 94AA6EA2265557E40047A92A /* ViewController.swift */; };
		94AA6EA6265557E40047A92A /* Main.storyboard in Resources */ = {isa = PBXBuildFile; fileRef = 94AA6EA4265557E40047A92A /* Main.storyboard */; };
		94AA6EA8265557EC0047A92A /* Assets.xcassets in Resources */ = {isa = PBXBuildFile; fileRef = 94AA6EA7265557EC0047A92A /* Assets.xcassets */; };
		94AA6EAB265557EC0047A92A /* LaunchScreen.storyboard in Resources */ = {isa = PBXBuildFile; fileRef = 94AA6EA9265557EC0047A92A /* LaunchScreen.storyboard */; };
		94AA6EB5265557FF0047A92A /* YBFileLogger.swift in Sources */ = {isa = PBXBuildFile; fileRef = 94AA6EB2265557FF0047A92A /* YBFileLogger.swift */; };
		94AA6EB6265557FF0047A92A /* YBLogger.swift in Sources */ = {isa = PBXBuildFile; fileRef = 94AA6EB3265557FF0047A92A /* YBLogger.swift */; };
		94AA6EB7265557FF0047A92A /* YBLoggerConfiguration.swift in Sources */ = {isa = PBXBuildFile; fileRef = 94AA6EB4265557FF0047A92A /* YBLoggerConfiguration.swift */; };
/* End PBXBuildFile section */

/* Begin PBXFileReference section */
		94AA6E9B265557E40047A92A /* SimpleLogger.app */ = {isa = PBXFileReference; explicitFileType = wrapper.application; includeInIndex = 0; path = SimpleLogger.app; sourceTree = BUILT_PRODUCTS_DIR; };
		94AA6E9E265557E40047A92A /* AppDelegate.swift */ = {isa = PBXFileReference; lastKnownFileType = sourcecode.swift; path = AppDelegate.swift; sourceTree = "<group>"; };
		94AA6EA0265557E40047A92A /* SceneDelegate.swift */ = {isa = PBXFileReference; lastKnownFileType = sourcecode.swift; path = SceneDelegate.swift; sourceTree = "<group>"; };
		94AA6EA2265557E40047A92A /* ViewController.swift */ = {isa = PBXFileReference; lastKnownFileType = sourcecode.swift; path = ViewController.swift; sourceTree = "<group>"; };
		94AA6EA5265557E40047A92A /* Base */ = {isa = PBXFileReference; lastKnownFileType = file.storyboard; name = Base; path = Base.lproj/Main.storyboard; sourceTree = "<group>"; };
		94AA6EA7265557EC0047A92A /* Assets.xcassets */ = {isa = PBXFileReference; lastKnownFileType = folder.assetcatalog; path = Assets.xcassets; sourceTree = "<group>"; };
		94AA6EAA265557EC0047A92A /* Base */ = {isa = PBXFileReference; lastKnownFileType = file.storyboard; name = Base; path = Base.lproj/LaunchScreen.storyboard; sourceTree = "<group>"; };
		94AA6EAC265557EC0047A92A /* Info.plist */ = {isa = PBXFileReference; lastKnownFileType = text.plist.xml; path = Info.plist; sourceTree = "<group>"; };
		94AA6EB2265557FF0047A92A /* YBFileLogger.swift */ = {isa = PBXFileReference; fileEncoding = 4; lastKnownFileType = sourcecode.swift; path = YBFileLogger.swift; sourceTree = "<group>"; };
		94AA6EB3265557FF0047A92A /* YBLogger.swift */ = {isa = PBXFileReference; fileEncoding = 4; lastKnownFileType = sourcecode.swift; path = YBLogger.swift; sourceTree = "<group>"; };
		94AA6EB4265557FF0047A92A /* YBLoggerConfiguration.swift */ = {isa = PBXFileReference; fileEncoding = 4; lastKnownFileType = sourcecode.swift; path = YBLoggerConfiguration.swift; sourceTree = "<group>"; };
/* End PBXFileReference section */

/* Begin PBXFrameworksBuildPhase section */
		94AA6E98265557E40047A92A /* Frameworks */ = {
			isa = PBXFrameworksBuildPhase;
			buildActionMask = 2147483647;
			files = (
			);
			runOnlyForDeploymentPostprocessing = 0;
		};
/* End PBXFrameworksBuildPhase section */

/* Begin PBXGroup section */
		94AA6E92265557E40047A92A = {
			isa = PBXGroup;
			children = (
				94AA6E9D265557E40047A92A /* SimpleLogger */,
				94AA6E9C265557E40047A92A /* Products */,
			);
			sourceTree = "<group>";
		};
		94AA6E9C265557E40047A92A /* Products */ = {
			isa = PBXGroup;
			children = (
				94AA6E9B265557E40047A92A /* SimpleLogger.app */,
			);
			name = Products;
			sourceTree = "<group>";
		};
		94AA6E9D265557E40047A92A /* SimpleLogger */ = {
			isa = PBXGroup;
			children = (
				94AA6EB8265558040047A92A /* Logger */,
				94AA6E9E265557E40047A92A /* AppDelegate.swift */,
				94AA6EA0265557E40047A92A /* SceneDelegate.swift */,
				94AA6EA2265557E40047A92A /* ViewController.swift */,
				94AA6EA4265557E40047A92A /* Main.storyboard */,
				94AA6EA7265557EC0047A92A /* Assets.xcassets */,
				94AA6EA9265557EC0047A92A /* LaunchScreen.storyboard */,
				94AA6EAC265557EC0047A92A /* Info.plist */,
			);
			path = SimpleLogger;
			sourceTree = "<group>";
		};
		94AA6EB8265558040047A92A /* Logger */ = {
			isa = PBXGroup;
			children = (
				94AA6EB2265557FF0047A92A /* YBFileLogger.swift */,
				94AA6EB3265557FF0047A92A /* YBLogger.swift */,
				94AA6EB4265557FF0047A92A /* YBLoggerConfiguration.swift */,
			);
			path = Logger;
			sourceTree = "<group>";
		};
/* End PBXGroup section */

/* Begin PBXNativeTarget section */
		94AA6E9A265557E40047A92A /* SimpleLogger */ = {
			isa = PBXNativeTarget;
			buildConfigurationList = 94AA6EAF265557EC0047A92A /* Build configuration list for PBXNativeTarget "SimpleLogger" */;
			buildPhases = (
				94AA6E97265557E40047A92A /* Sources */,
				94AA6E98265557E40047A92A /* Frameworks */,
				94AA6E99265557E40047A92A /* Resources */,
			);
			buildRules = (
			);
			dependencies = (
			);
			name = SimpleLogger;
			productName = SimpleLogger;
			productReference = 94AA6E9B265557E40047A92A /* SimpleLogger.app */;
			productType = "com.apple.product-type.application";
		};
/* End PBXNativeTarget section */

/* Begin PBXProject section */
		94AA6E93265557E40047A92A /* Project object */ = {
			isa = PBXProject;
			attributes = {
				LastSwiftUpdateCheck = 1150;
				LastUpgradeCheck = 1150;
				ORGANIZATIONNAME = SOMEONE;
				TargetAttributes = {
					94AA6E9A265557E40047A92A = {
						CreatedOnToolsVersion = 11.5;
					};
				};
			};
			buildConfigurationList = 94AA6E96265557E40047A92A /* Build configuration list for PBXProject "SimpleLogger" */;
			compatibilityVersion = "Xcode 9.3";
			developmentRegion = en;
			hasScannedForEncodings = 0;
			knownRegions = (
				en,
				Base,
			);
			mainGroup = 94AA6E92265557E40047A92A;
			productRefGroup = 94AA6E9C265557E40047A92A /* Products */;
			projectDirPath = "";
			projectRoot = "";
			targets = (
				94AA6E9A265557E40047A92A /* SimpleLogger */,
			);
		};
/* End PBXProject section */

/* Begin PBXResourcesBuildPhase section */
		94AA6E99265557E40047A92A /* Resources */ = {
			isa = PBXResourcesBuildPhase;
			buildActionMask = 2147483647;
			files = (
				94AA6EAB265557EC0047A92A /* LaunchScreen.storyboard in Resources */,
				94AA6EA8265557EC0047A92A /* Assets.xcassets in Resources */,
				94AA6EA6265557E40047A92A /* Main.storyboard in Resources */,
			);
			runOnlyForDeploymentPostprocessing = 0;
		};
/* End PBXResourcesBuildPhase section */

/* Begin PBXSourcesBuildPhase section */
		94AA6E97265557E40047A92A /* Sources */ = {
			isa = PBXSourcesBuildPhase;
			buildActionMask = 2147483647;
			files = (
				94AA6EB5265557FF0047A92A /* YBFileLogger.swift in Sources */,
				94AA6EB7265557FF0047A92A /* YBLoggerConfiguration.swift in Sources */,
				94AA6EB6265557FF0047A92A /* YBLogger.swift in Sources */,
				94AA6EA3265557E40047A92A /* ViewController.swift in Sources */,
				94AA6E9F265557E40047A92A /* AppDelegate.swift in Sources */,
				94AA6EA1265557E40047A92A /* SceneDelegate.swift in Sources */,
			);
			runOnlyForDeploymentPostprocessing = 0;
		};
/* End PBXSourcesBuildPhase section */

/* Begin PBXVariantGroup section */
		94AA6EA4265557E40047A92A /* Main.storyboard */ = {
			isa = PBXVariantGroup;
			children = (
				94AA6EA5265557E40047A92A /* Base */,
			);
			name = Main.storyboard;
			sourceTree = "<group>";
		};
		94AA6EA9265557EC0047A92A /* LaunchScreen.storyboard */ = {
			isa = PBXVariantGroup;
			children = (
				94AA6EAA265557EC0047A92A /* Base */,
			);
			name = LaunchScreen.storyboard;
			sourceTree = "<group>";
		};
/* End PBXVariantGroup section */

/* Begin XCBuildConfiguration section */
		94AA6EAD265557EC0047A92A /* Debug */ = {
			isa = XCBuildConfiguration;
			buildSettings = {
				ALWAYS_SEARCH_USER_PATHS = NO;
				CLANG_ANALYZER_NONNULL = YES;
				CLANG_ANALYZER_NUMBER_OBJECT_CONVERSION = YES_AGGRESSIVE;
				CLANG_CXX_LANGUAGE_STANDARD = "gnu++14";
				CLANG_CXX_LIBRARY = "libc++";
				CLANG_ENABLE_MODULES = YES;
				CLANG_ENABLE_OBJC_ARC = YES;
				CLANG_ENABLE_OBJC_WEAK = YES;
				CLANG_WARN_BLOCK_CAPTURE_AUTORELEASING = YES;
				CLANG_WARN_BOOL_CONVERSION = YES;
				CLANG_WARN_COMMA = YES;
				CLANG_WARN_CONSTANT_CONVERSION = YES;
				CLANG_WARN_DEPRECATED_OBJC_IMPLEMENTATIONS = YES;
				CLANG_WARN_DIRECT_OBJC_ISA_USAGE = YES_ERROR;
				CLANG_WARN_DOCUMENTATION_COMMENTS = YES;
				CLANG_WARN_EMPTY_BODY = YES;
				CLANG_WARN_ENUM_CONVERSION = YES;
				CLANG_WARN_INFINITE_RECURSION = YES;
				CLANG_WARN_INT_CONVERSION = YES;
				CLANG_WARN_NON_LITERAL_NULL_CONVERSION = YES;
				CLANG_WARN_OBJC_IMPLICIT_RETAIN_SELF = YES;
				CLANG_WARN_OBJC_LITERAL_CONVERSION = YES;
				CLANG_WARN_OBJC_ROOT_CLASS = YES_ERROR;
				CLANG_WARN_RANGE_LOOP_ANALYSIS = YES;
				CLANG_WARN_STRICT_PROTOTYPES = YES;
				CLANG_WARN_SUSPICIOUS_MOVE = YES;
				CLANG_WARN_UNGUARDED_AVAILABILITY = YES_AGGRESSIVE;
				CLANG_WARN_UNREACHABLE_CODE = YES;
				CLANG_WARN__DUPLICATE_METHOD_MATCH = YES;
				COPY_PHASE_STRIP = NO;
				DEBUG_INFORMATION_FORMAT = dwarf;
				ENABLE_STRICT_OBJC_MSGSEND = YES;
				ENABLE_TESTABILITY = YES;
				GCC_C_LANGUAGE_STANDARD = gnu11;
				GCC_DYNAMIC_NO_PIC = NO;
				GCC_NO_COMMON_BLOCKS = YES;
				GCC_OPTIMIZATION_LEVEL = 0;
				GCC_PREPROCESSOR_DEFINITIONS = (
					"DEBUG=1",
					"$(inherited)",
				);
				GCC_WARN_64_TO_32_BIT_CONVERSION = YES;
				GCC_WARN_ABOUT_RETURN_TYPE = YES_ERROR;
				GCC_WARN_UNDECLARED_SELECTOR = YES;
				GCC_WARN_UNINITIALIZED_AUTOS = YES_AGGRESSIVE;
				GCC_WARN_UNUSED_FUNCTION = YES;
				GCC_WARN_UNUSED_VARIABLE = YES;
				IPHONEOS_DEPLOYMENT_TARGET = 13.5;
				MTL_ENABLE_DEBUG_INFO = INCLUDE_SOURCE;
				MTL_FAST_MATH = YES;
				ONLY_ACTIVE_ARCH = YES;
				SDKROOT = iphoneos;
				SWIFT_ACTIVE_COMPILATION_CONDITIONS = DEBUG;
				SWIFT_OPTIMIZATION_LEVEL = "-Onone";
			};
			name = Debug;
		};
		94AA6EAE265557EC0047A92A /* Release */ = {
			isa = XCBuildConfiguration;
			buildSettings = {
				ALWAYS_SEARCH_USER_PATHS = NO;
				CLANG_ANALYZER_NONNULL = YES;
				CLANG_ANALYZER_NUMBER_OBJECT_CONVERSION = YES_AGGRESSIVE;
				CLANG_CXX_LANGUAGE_STANDARD = "gnu++14";
				CLANG_CXX_LIBRARY = "libc++";
				CLANG_ENABLE_MODULES = YES;
				CLANG_ENABLE_OBJC_ARC = YES;
				CLANG_ENABLE_OBJC_WEAK = YES;
				CLANG_WARN_BLOCK_CAPTURE_AUTORELEASING = YES;
				CLANG_WARN_BOOL_CONVERSION = YES;
				CLANG_WARN_COMMA = YES;
				CLANG_WARN_CONSTANT_CONVERSION = YES;
				CLANG_WARN_DEPRECATED_OBJC_IMPLEMENTATIONS = YES;
				CLANG_WARN_DIRECT_OBJC_ISA_USAGE = YES_ERROR;
				CLANG_WARN_DOCUMENTATION_COMMENTS = YES;
				CLANG_WARN_EMPTY_BODY = YES;
				CLANG_WARN_ENUM_CONVERSION = YES;
				CLANG_WARN_INFINITE_RECURSION = YES;
				CLANG_WARN_INT_CONVERSION = YES;
				CLANG_WARN_NON_LITERAL_NULL_CONVERSION = YES;
				CLANG_WARN_OBJC_IMPLICIT_RETAIN_SELF = YES;
				CLANG_WARN_OBJC_LITERAL_CONVERSION = YES;
				CLANG_WARN_OBJC_ROOT_CLASS = YES_ERROR;
				CLANG_WARN_RANGE_LOOP_ANALYSIS = YES;
				CLANG_WARN_STRICT_PROTOTYPES = YES;
				CLANG_WARN_SUSPICIOUS_MOVE = YES;
				CLANG_WARN_UNGUARDED_AVAILABILITY = YES_AGGRESSIVE;
				CLANG_WARN_UNREACHABLE_CODE = YES;
				CLANG_WARN__DUPLICATE_METHOD_MATCH = YES;
				COPY_PHASE_STRIP = NO;
				DEBUG_INFORMATION_FORMAT = "dwarf-with-dsym";
				ENABLE_NS_ASSERTIONS = NO;
				ENABLE_STRICT_OBJC_MSGSEND = YES;
				GCC_C_LANGUAGE_STANDARD = gnu11;
				GCC_NO_COMMON_BLOCKS = YES;
				GCC_WARN_64_TO_32_BIT_CONVERSION = YES;
				GCC_WARN_ABOUT_RETURN_TYPE = YES_ERROR;
				GCC_WARN_UNDECLARED_SELECTOR = YES;
				GCC_WARN_UNINITIALIZED_AUTOS = YES_AGGRESSIVE;
				GCC_WARN_UNUSED_FUNCTION = YES;
				GCC_WARN_UNUSED_VARIABLE = YES;
				IPHONEOS_DEPLOYMENT_TARGET = 13.5;
				MTL_ENABLE_DEBUG_INFO = NO;
				MTL_FAST_MATH = YES;
				SDKROOT = iphoneos;
				SWIFT_COMPILATION_MODE = wholemodule;
				SWIFT_OPTIMIZATION_LEVEL = "-O";
				VALIDATE_PRODUCT = YES;
			};
			name = Release;
		};
		94AA6EB0265557EC0047A92A /* Debug */ = {
			isa = XCBuildConfiguration;
			buildSettings = {
				ASSETCATALOG_COMPILER_APPICON_NAME = AppIcon;
				CODE_SIGN_STYLE = Automatic;
				INFOPLIST_FILE = SimpleLogger/Info.plist;
				LD_RUNPATH_SEARCH_PATHS = (
					"$(inherited)",
					"@executable_path/Frameworks",
				);
				PRODUCT_BUNDLE_IDENTIFIER = com.yuvedha.SimpleLogger;
				PRODUCT_NAME = "$(TARGET_NAME)";
				SWIFT_VERSION = 5.0;
				TARGETED_DEVICE_FAMILY = "1,2";
			};
			name = Debug;
		};
		94AA6EB1265557EC0047A92A /* Release */ = {
			isa = XCBuildConfiguration;
			buildSettings = {
				ASSETCATALOG_COMPILER_APPICON_NAME = AppIcon;
				CODE_SIGN_STYLE = Automatic;
				INFOPLIST_FILE = SimpleLogger/Info.plist;
				LD_RUNPATH_SEARCH_PATHS = (
					"$(inherited)",
					"@executable_path/Frameworks",
				);
				PRODUCT_BUNDLE_IDENTIFIER = com.yuvedha.SimpleLogger;
				PRODUCT_NAME = "$(TARGET_NAME)";
				SWIFT_VERSION = 5.0;
				TARGETED_DEVICE_FAMILY = "1,2";
			};
			name = Release;
		};
/* End XCBuildConfiguration section */

/* Begin XCConfigurationList section */
		94AA6E96265557E40047A92A /* Build configuration list for PBXProject "SimpleLogger" */ = {
			isa = XCConfigurationList;
			buildConfigurations = (
				94AA6EAD265557EC0047A92A /* Debug */,
				94AA6EAE265557EC0047A92A /* Release */,
			);
			defaultConfigurationIsVisible = 0;
			defaultConfigurationName = Release;
		};
		94AA6EAF265557EC0047A92A /* Build configuration list for PBXNativeTarget "SimpleLogger" */ = {
			isa = XCConfigurationList;
			buildConfigurations = (
				94AA6EB0265557EC0047A92A /* Debug */,
				94AA6EB1265557EC0047A92A /* Release */,
			);
			defaultConfigurationIsVisible = 0;
			defaultConfigurationName = Release;
		};
/* End XCConfigurationList section */
	};
	rootObject = 94AA6E93265557E40047A92A /* Project object */;
}
