// !$*UTF8*$!
{
	archiveVersion = 1;
	classes = {
	};
	objectVersion = 46;
	objects = {

/* Begin PBXBuildFile section */
		5502DCA81F23D1F90069EC4F /* YBLoggerConfiguration.swift in Sources */ = {isa = PBXBuildFile; fileRef = 5502DCA71F23D1F90069EC4F /* YBLoggerConfiguration.swift */; };
		552E35C31F23844F006F5628 /* AppDelegate.swift in Sources */ = {isa = PBXBuildFile; fileRef = 552E35C21F23844F006F5628 /* AppDelegate.swift */; };
		552E35C51F23844F006F5628 /* ViewController.swift in Sources */ = {isa = PBXBuildFile; fileRef = 552E35C41F23844F006F5628 /* ViewController.swift */; };
		552E35C81F23844F006F5628 /* Main.storyboard in Resources */ = {isa = PBXBuildFile; fileRef = 552E35C61F23844F006F5628 /* Main.storyboard */; };
		552E35CA1F23844F006F5628 /* Assets.xcassets in Resources */ = {isa = PBXBuildFile; fileRef = 552E35C91F23844F006F5628 /* Assets.xcassets */; };
		552E35CD1F23844F006F5628 /* LaunchScreen.storyboard in Resources */ = {isa = PBXBuildFile; fileRef = 552E35CB1F23844F006F5628 /* LaunchScreen.storyboard */; };
		552E35D51F2384A8006F5628 /* YBLogger.swift in Sources */ = {isa = PBXBuildFile; fileRef = 552E35D41F2384A8006F5628 /* YBLogger.swift */; };
		5584FBA91F24500F0067CF57 /* YBFileLogger.swift in Sources */ = {isa = PBXBuildFile; fileRef = 5584FBA81F24500F0067CF57 /* YBFileLogger.swift */; };
/* End PBXBuildFile section */

/* Begin PBXFileReference section */
		5502DCA71F23D1F90069EC4F /* YBLoggerConfiguration.swift */ = {isa = PBXFileReference; fileEncoding = 4; lastKnownFileType = sourcecode.swift; path = YBLoggerConfiguration.swift; sourceTree = "<group>"; };
		552E35BF1F23844F006F5628 /* SimpleLogger.app */ = {isa = PBXFileReference; explicitFileType = wrapper.application; includeInIndex = 0; path = SimpleLogger.app; sourceTree = BUILT_PRODUCTS_DIR; };
		552E35C21F23844F006F5628 /* AppDelegate.swift */ = {isa = PBXFileReference; lastKnownFileType = sourcecode.swift; path = AppDelegate.swift; sourceTree = "<group>"; };
		552E35C41F23844F006F5628 /* ViewController.swift */ = {isa = PBXFileReference; lastKnownFileType = sourcecode.swift; path = ViewController.swift; sourceTree = "<group>"; };
		552E35C71F23844F006F5628 /* Base */ = {isa = PBXFileReference; lastKnownFileType = file.storyboard; name = Base; path = Base.lproj/Main.storyboard; sourceTree = "<group>"; };
		552E35C91F23844F006F5628 /* Assets.xcassets */ = {isa = PBXFileReference; lastKnownFileType = folder.assetcatalog; path = Assets.xcassets; sourceTree = "<group>"; };
		552E35CC1F23844F006F5628 /* Base */ = {isa = PBXFileReference; lastKnownFileType = file.storyboard; name = Base; path = Base.lproj/LaunchScreen.storyboard; sourceTree = "<group>"; };
		552E35CE1F23844F006F5628 /* Info.plist */ = {isa = PBXFileReference; lastKnownFileType = text.plist.xml; path = Info.plist; sourceTree = "<group>"; };
		552E35D41F2384A8006F5628 /* YBLogger.swift */ = {isa = PBXFileReference; fileEncoding = 4; lastKnownFileType = sourcecode.swift; path = YBLogger.swift; sourceTree = "<group>"; };
		5584FBA81F24500F0067CF57 /* YBFileLogger.swift */ = {isa = PBXFileReference; fileEncoding = 4; lastKnownFileType = sourcecode.swift; path = YBFileLogger.swift; sourceTree = "<group>"; };
/* End PBXFileReference section */

/* Begin PBXFrameworksBuildPhase section */
		552E35BC1F23844F006F5628 /* Frameworks */ = {
			isa = PBXFrameworksBuildPhase;
			buildActionMask = 2147483647;
			files = (
			);
			runOnlyForDeploymentPostprocessing = 0;
		};
/* End PBXFrameworksBuildPhase section */

/* Begin PBXGroup section */
		552E35B61F23844F006F5628 = {
			isa = PBXGroup;
			children = (
				552E35C11F23844F006F5628 /* SimpleLogger */,
				552E35C01F23844F006F5628 /* Products */,
			);
			sourceTree = "<group>";
		};
		552E35C01F23844F006F5628 /* Products */ = {
			isa = PBXGroup;
			children = (
				552E35BF1F23844F006F5628 /* SimpleLogger.app */,
			);
			name = Products;
			sourceTree = "<group>";
		};
		552E35C11F23844F006F5628 /* SimpleLogger */ = {
			isa = PBXGroup;
			children = (
				552E35C21F23844F006F5628 /* AppDelegate.swift */,
				552E35C41F23844F006F5628 /* ViewController.swift */,
				552E35C61F23844F006F5628 /* Main.storyboard */,
				552E35C91F23844F006F5628 /* Assets.xcassets */,
				552E35CB1F23844F006F5628 /* LaunchScreen.storyboard */,
				552E35CE1F23844F006F5628 /* Info.plist */,
				552E35D41F2384A8006F5628 /* YBLogger.swift */,
				5502DCA71F23D1F90069EC4F /* YBLoggerConfiguration.swift */,
				5584FBA81F24500F0067CF57 /* YBFileLogger.swift */,
			);
			path = SimpleLogger;
			sourceTree = "<group>";
		};
/* End PBXGroup section */

/* Begin PBXNativeTarget section */
		552E35BE1F23844F006F5628 /* SimpleLogger */ = {
			isa = PBXNativeTarget;
			buildConfigurationList = 552E35D11F23844F006F5628 /* Build configuration list for PBXNativeTarget "SimpleLogger" */;
			buildPhases = (
				552E35BB1F23844F006F5628 /* Sources */,
				552E35BC1F23844F006F5628 /* Frameworks */,
				552E35BD1F23844F006F5628 /* Resources */,
			);
			buildRules = (
			);
			dependencies = (
			);
			name = SimpleLogger;
			productName = SimpleLogger;
			productReference = 552E35BF1F23844F006F5628 /* SimpleLogger.app */;
			productType = "com.apple.product-type.application";
		};
/* End PBXNativeTarget section */

/* Begin PBXProject section */
		552E35B71F23844F006F5628 /* Project object */ = {
			isa = PBXProject;
			attributes = {
				LastSwiftUpdateCheck = 0830;
				LastUpgradeCheck = 0830;
				ORGANIZATIONNAME = "Yogesh Bhople";
				TargetAttributes = {
					552E35BE1F23844F006F5628 = {
						CreatedOnToolsVersion = 8.3.3;
						ProvisioningStyle = Automatic;
					};
				};
			};
			buildConfigurationList = 552E35BA1F23844F006F5628 /* Build configuration list for PBXProject "SimpleLogger" */;
			compatibilityVersion = "Xcode 3.2";
			developmentRegion = English;
			hasScannedForEncodings = 0;
			knownRegions = (
				en,
				Base,
			);
			mainGroup = 552E35B61F23844F006F5628;
			productRefGroup = 552E35C01F23844F006F5628 /* Products */;
			projectDirPath = "";
			projectRoot = "";
			targets = (
				552E35BE1F23844F006F5628 /* SimpleLogger */,
			);
		};
/* End PBXProject section */

/* Begin PBXResourcesBuildPhase section */
		552E35BD1F23844F006F5628 /* Resources */ = {
			isa = PBXResourcesBuildPhase;
			buildActionMask = 2147483647;
			files = (
				552E35CD1F23844F006F5628 /* LaunchScreen.storyboard in Resources */,
				552E35CA1F23844F006F5628 /* Assets.xcassets in Resources */,
				552E35C81F23844F006F5628 /* Main.storyboard in Resources */,
			);
			runOnlyForDeploymentPostprocessing = 0;
		};
/* End PBXResourcesBuildPhase section */

/* Begin PBXSourcesBuildPhase section */
		552E35BB1F23844F006F5628 /* Sources */ = {
			isa = PBXSourcesBuildPhase;
			buildActionMask = 2147483647;
			files = (
				552E35D51F2384A8006F5628 /* YBLogger.swift in Sources */,
				5502DCA81F23D1F90069EC4F /* YBLoggerConfiguration.swift in Sources */,
				552E35C51F23844F006F5628 /* ViewController.swift in Sources */,
				5584FBA91F24500F0067CF57 /* YBFileLogger.swift in Sources */,
				552E35C31F23844F006F5628 /* AppDelegate.swift in Sources */,
			);
			runOnlyForDeploymentPostprocessing = 0;
		};
/* End PBXSourcesBuildPhase section */

/* Begin PBXVariantGroup section */
		552E35C61F23844F006F5628 /* Main.storyboard */ = {
			isa = PBXVariantGroup;
			children = (
				552E35C71F23844F006F5628 /* Base */,
			);
			name = Main.storyboard;
			sourceTree = "<group>";
		};
		552E35CB1F23844F006F5628 /* LaunchScreen.storyboard */ = {
			isa = PBXVariantGroup;
			children = (
				552E35CC1F23844F006F5628 /* Base */,
			);
			name = LaunchScreen.storyboard;
			sourceTree = "<group>";
		};
/* End PBXVariantGroup section */

/* Begin XCBuildConfiguration section */
		552E35CF1F23844F006F5628 /* Debug */ = {
			isa = XCBuildConfiguration;
			buildSettings = {
				ALWAYS_SEARCH_USER_PATHS = NO;
				CLANG_ANALYZER_NONNULL = YES;
				CLANG_ANALYZER_NUMBER_OBJECT_CONVERSION = YES_AGGRESSIVE;
				CLANG_CXX_LANGUAGE_STANDARD = "gnu++0x";
				CLANG_CXX_LIBRARY = "libc++";
				CLANG_ENABLE_MODULES = YES;
				CLANG_ENABLE_OBJC_ARC = YES;
				CLANG_WARN_BOOL_CONVERSION = YES;
				CLANG_WARN_CONSTANT_CONVERSION = YES;
				CLANG_WARN_DIRECT_OBJC_ISA_USAGE = YES_ERROR;
				CLANG_WARN_DOCUMENTATION_COMMENTS = YES;
				CLANG_WARN_EMPTY_BODY = YES;
				CLANG_WARN_ENUM_CONVERSION = YES;
				CLANG_WARN_INFINITE_RECURSION = YES;
				CLANG_WARN_INT_CONVERSION = YES;
				CLANG_WARN_OBJC_ROOT_CLASS = YES_ERROR;
				CLANG_WARN_SUSPICIOUS_MOVE = YES;
				CLANG_WARN_UNREACHABLE_CODE = YES;
				CLANG_WARN__DUPLICATE_METHOD_MATCH = YES;
				"CODE_SIGN_IDENTITY[sdk=iphoneos*]" = "iPhone Developer";
				COPY_PHASE_STRIP = NO;
				DEBUG_INFORMATION_FORMAT = dwarf;
				ENABLE_STRICT_OBJC_MSGSEND = YES;
				ENABLE_TESTABILITY = YES;
				GCC_C_LANGUAGE_STANDARD = gnu99;
				GCC_DYNAMIC_NO_PIC = NO;
				GCC_NO_COMMON_BLOCKS = YES;
				GCC_OPTIMIZATION_LEVEL = 0;
				GCC_PREPROCESSOR_DEFINITIONS = (
					"DEBUG=1",
					"$(inherited)",
				);
				GCC_WARN_64_TO_32_BIT_CONVERSION = YES;
				GCC_WARN_ABOUT_RETURN_TYPE = YES_ERROR;
				GCC_WARN_UNDECLARED_SELECTOR = YES;
				GCC_WARN_UNINITIALIZED_AUTOS = YES_AGGRESSIVE;
				GCC_WARN_UNUSED_FUNCTION = YES;
				GCC_WARN_UNUSED_VARIABLE = YES;
				IPHONEOS_DEPLOYMENT_TARGET = 10.3;
				MTL_ENABLE_DEBUG_INFO = YES;
				ONLY_ACTIVE_ARCH = YES;
				SDKROOT = iphoneos;
				SWIFT_ACTIVE_COMPILATION_CONDITIONS = DEBUG;
				SWIFT_OPTIMIZATION_LEVEL = "-Onone";
				TARGETED_DEVICE_FAMILY = "1,2";
			};
			name = Debug;
		};
		552E35D01F23844F006F5628 /* Release */ = {
			isa = XCBuildConfiguration;
			buildSettings = {
				ALWAYS_SEARCH_USER_PATHS = NO;
				CLANG_ANALYZER_NONNULL = YES;
				CLANG_ANALYZER_NUMBER_OBJECT_CONVERSION = YES_AGGRESSIVE;
				CLANG_CXX_LANGUAGE_STANDARD = "gnu++0x";
				CLANG_CXX_LIBRARY = "libc++";
				CLANG_ENABLE_MODULES = YES;
				CLANG_ENABLE_OBJC_ARC = YES;
				CLANG_WARN_BOOL_CONVERSION = YES;
				CLANG_WARN_CONSTANT_CONVERSION = YES;
				CLANG_WARN_DIRECT_OBJC_ISA_USAGE = YES_ERROR;
				CLANG_WARN_DOCUMENTATION_COMMENTS = YES;
				CLANG_WARN_EMPTY_BODY = YES;
				CLANG_WARN_ENUM_CONVERSION = YES;
				CLANG_WARN_INFINITE_RECURSION = YES;
				CLANG_WARN_INT_CONVERSION = YES;
				CLANG_WARN_OBJC_ROOT_CLASS = YES_ERROR;
				CLANG_WARN_SUSPICIOUS_MOVE = YES;
				CLANG_WARN_UNREACHABLE_CODE = YES;
				CLANG_WARN__DUPLICATE_METHOD_MATCH = YES;
				"CODE_SIGN_IDENTITY[sdk=iphoneos*]" = "iPhone Developer";
				COPY_PHASE_STRIP = NO;
				DEBUG_INFORMATION_FORMAT = "dwarf-with-dsym";
				ENABLE_NS_ASSERTIONS = NO;
				ENABLE_STRICT_OBJC_MSGSEND = YES;
				GCC_C_LANGUAGE_STANDARD = gnu99;
				GCC_NO_COMMON_BLOCKS = YES;
				GCC_WARN_64_TO_32_BIT_CONVERSION = YES;
				GCC_WARN_ABOUT_RETURN_TYPE = YES_ERROR;
				GCC_WARN_UNDECLARED_SELECTOR = YES;
				GCC_WARN_UNINITIALIZED_AUTOS = YES_AGGRESSIVE;
				GCC_WARN_UNUSED_FUNCTION = YES;
				GCC_WARN_UNUSED_VARIABLE = YES;
				IPHONEOS_DEPLOYMENT_TARGET = 10.3;
				MTL_ENABLE_DEBUG_INFO = NO;
				SDKROOT = iphoneos;
				SWIFT_OPTIMIZATION_LEVEL = "-Owholemodule";
				TARGETED_DEVICE_FAMILY = "1,2";
				VALIDATE_PRODUCT = YES;
			};
			name = Release;
		};
		552E35D21F23844F006F5628 /* Debug */ = {
			isa = XCBuildConfiguration;
			buildSettings = {
				ASSETCATALOG_COMPILER_APPICON_NAME = AppIcon;
				INFOPLIST_FILE = SimpleLogger/Info.plist;
				LD_RUNPATH_SEARCH_PATHS = "$(inherited) @executable_path/Frameworks";
				PRODUCT_BUNDLE_IDENTIFIER = com.yogesh.SimpleLogger;
				PRODUCT_NAME = "$(TARGET_NAME)";
				SWIFT_VERSION = 3.0;
			};
			name = Debug;
		};
		552E35D31F23844F006F5628 /* Release */ = {
			isa = XCBuildConfiguration;
			buildSettings = {
				ASSETCATALOG_COMPILER_APPICON_NAME = AppIcon;
				INFOPLIST_FILE = SimpleLogger/Info.plist;
				LD_RUNPATH_SEARCH_PATHS = "$(inherited) @executable_path/Frameworks";
				PRODUCT_BUNDLE_IDENTIFIER = com.yogesh.SimpleLogger;
				PRODUCT_NAME = "$(TARGET_NAME)";
				SWIFT_VERSION = 3.0;
			};
			name = Release;
		};
/* End XCBuildConfiguration section */

/* Begin XCConfigurationList section */
		552E35BA1F23844F006F5628 /* Build configuration list for PBXProject "SimpleLogger" */ = {
			isa = XCConfigurationList;
			buildConfigurations = (
				552E35CF1F23844F006F5628 /* Debug */,
				552E35D01F23844F006F5628 /* Release */,
			);
			defaultConfigurationIsVisible = 0;
			defaultConfigurationName = Release;
		};
		552E35D11F23844F006F5628 /* Build configuration list for PBXNativeTarget "SimpleLogger" */ = {
			isa = XCConfigurationList;
			buildConfigurations = (
				552E35D21F23844F006F5628 /* Debug */,
				552E35D31F23844F006F5628 /* Release */,
			);
			defaultConfigurationIsVisible = 0;
			defaultConfigurationName = Release;
		};
/* End XCConfigurationList section */
	};
	rootObject = 552E35B71F23844F006F5628 /* Project object */;
}
